// !$*UTF8*$!
{
	archiveVersion = 1;
	classes = {
	};
	objectVersion = 56;
	objects = {

/* Begin PBXBuildFile section */
		E6C13E6C2A69D0B600143E63 /* tcrpApp.swift in Sources */ = {isa = PBXBuildFile; fileRef = E6C13E6B2A69D0B600143E63 /* tcrpApp.swift */; };
		E6C13E6E2A69D0B600143E63 /* ContentView.swift in Sources */ = {isa = PBXBuildFile; fileRef = E6C13E6D2A69D0B600143E63 /* ContentView.swift */; };
		E6C13E702A69D0B800143E63 /* Assets.xcassets in Resources */ = {isa = PBXBuildFile; fileRef = E6C13E6F2A69D0B800143E63 /* Assets.xcassets */; };
		E6C13E732A69D0B800143E63 /* Preview Assets.xcassets in Resources */ = {isa = PBXBuildFile; fileRef = E6C13E722A69D0B800143E63 /* Preview Assets.xcassets */; };
		E6C13E7C2A69E3D700143E63 /* HomeView.swift in Sources */ = {isa = PBXBuildFile; fileRef = E6C13E7B2A69E3D700143E63 /* HomeView.swift */; };
		E6C13E802A6B07FF00143E63 /* TileView.swift in Sources */ = {isa = PBXBuildFile; fileRef = E6C13E7F2A6B07FF00143E63 /* TileView.swift */; };
		E6C13E832A6B099900143E63 /* ProgramsView.swift in Sources */ = {isa = PBXBuildFile; fileRef = E6C13E822A6B099900143E63 /* ProgramsView.swift */; };
		E6C13E862A6B228A00143E63 /* ProgramView.swift in Sources */ = {isa = PBXBuildFile; fileRef = E6C13E852A6B228A00143E63 /* ProgramView.swift */; };
		E6C13E882A6E180100143E63 /* golfswing.mov in Resources */ = {isa = PBXBuildFile; fileRef = E6C13E872A6E180100143E63 /* golfswing.mov */; };
		E6C13E8B2A6ECF7A00143E63 /* ExerciseView.swift in Sources */ = {isa = PBXBuildFile; fileRef = E6C13E8A2A6ECF7A00143E63 /* ExerciseView.swift */; };
		E6C13E922A6EE77100143E63 /* AuthViewModel.swift in Sources */ = {isa = PBXBuildFile; fileRef = E6C13E8E2A6EE77100143E63 /* AuthViewModel.swift */; };
		E6C13E932A6EE77100143E63 /* RegistrationView.swift in Sources */ = {isa = PBXBuildFile; fileRef = E6C13E902A6EE77100143E63 /* RegistrationView.swift */; };
		E6C13E942A6EE77100143E63 /* LoginView.swift in Sources */ = {isa = PBXBuildFile; fileRef = E6C13E912A6EE77100143E63 /* LoginView.swift */; };
		E6C13E972A6EE7F400143E63 /* FirebaseAuth in Frameworks */ = {isa = PBXBuildFile; productRef = E6C13E962A6EE7F400143E63 /* FirebaseAuth */; };
		E6C13E992A6EE7F400143E63 /* FirebaseFirestore in Frameworks */ = {isa = PBXBuildFile; productRef = E6C13E982A6EE7F400143E63 /* FirebaseFirestore */; };
		E6C13E9B2A6EE7F400143E63 /* FirebaseFirestoreSwift in Frameworks */ = {isa = PBXBuildFile; productRef = E6C13E9A2A6EE7F400143E63 /* FirebaseFirestoreSwift */; };
		E6C13E9D2A6EE7F400143E63 /* FirebaseStorage in Frameworks */ = {isa = PBXBuildFile; productRef = E6C13E9C2A6EE7F400143E63 /* FirebaseStorage */; };
		E6C13EA12A6EE82B00143E63 /* SettingsRowView.swift in Sources */ = {isa = PBXBuildFile; fileRef = E6C13E9F2A6EE82B00143E63 /* SettingsRowView.swift */; };
		E6C13EA22A6EE82B00143E63 /* InputView.swift in Sources */ = {isa = PBXBuildFile; fileRef = E6C13EA02A6EE82B00143E63 /* InputView.swift */; };
		E6C13EA52A6EE84F00143E63 /* User.swift in Sources */ = {isa = PBXBuildFile; fileRef = E6C13EA42A6EE84F00143E63 /* User.swift */; };
		E6C13EA72A6EE96200143E63 /* GoogleService-Info.plist in Resources */ = {isa = PBXBuildFile; fileRef = E6C13EA62A6EE96200143E63 /* GoogleService-Info.plist */; };
		E6F65FFA2A6F1531008A8913 /* SideMenuView.swift in Sources */ = {isa = PBXBuildFile; fileRef = E6F65FF92A6F1531008A8913 /* SideMenuView.swift */; };
		E6F65FFD2A6F187E008A8913 /* SideMenu.swift in Sources */ = {isa = PBXBuildFile; fileRef = E6F65FFC2A6F187E008A8913 /* SideMenu.swift */; };
		E6F65FFF2A6F1891008A8913 /* SideMenuType.swift in Sources */ = {isa = PBXBuildFile; fileRef = E6F65FFE2A6F1891008A8913 /* SideMenuType.swift */; };
		E6F660022A6F32F1008A8913 /* DatabaseManager.swift in Sources */ = {isa = PBXBuildFile; fileRef = E6F660012A6F32F1008A8913 /* DatabaseManager.swift */; };
		E6F660042A6F3D6B008A8913 /* ProfileView.swift in Sources */ = {isa = PBXBuildFile; fileRef = E6F660032A6F3D6A008A8913 /* ProfileView.swift */; };
		E6F660072A70197F008A8913 /* Program.swift in Sources */ = {isa = PBXBuildFile; fileRef = E6F660062A70197F008A8913 /* Program.swift */; };
		E6F660092A7019E8008A8913 /* Exercise.swift in Sources */ = {isa = PBXBuildFile; fileRef = E6F660082A7019E8008A8913 /* Exercise.swift */; };
		E6F6600C2A701A31008A8913 /* Color+hex.swift in Sources */ = {isa = PBXBuildFile; fileRef = E6F6600B2A701A31008A8913 /* Color+hex.swift */; };
		E6F6600E2A7051C4008A8913 /* FooterView.swift in Sources */ = {isa = PBXBuildFile; fileRef = E6F6600D2A7051C4008A8913 /* FooterView.swift */; };
		E6F660102A70523C008A8913 /* HomeSection.swift in Sources */ = {isa = PBXBuildFile; fileRef = E6F6600F2A70523C008A8913 /* HomeSection.swift */; };
		E6F660142A705402008A8913 /* ApproachView.swift in Sources */ = {isa = PBXBuildFile; fileRef = E6F660132A705402008A8913 /* ApproachView.swift */; };
/* End PBXBuildFile section */

/* Begin PBXFileReference section */
		E6C13E682A69D0B600143E63 /* tcrp.app */ = {isa = PBXFileReference; explicitFileType = wrapper.application; includeInIndex = 0; path = tcrp.app; sourceTree = BUILT_PRODUCTS_DIR; };
		E6C13E6B2A69D0B600143E63 /* tcrpApp.swift */ = {isa = PBXFileReference; lastKnownFileType = sourcecode.swift; path = tcrpApp.swift; sourceTree = "<group>"; };
		E6C13E6D2A69D0B600143E63 /* ContentView.swift */ = {isa = PBXFileReference; lastKnownFileType = sourcecode.swift; path = ContentView.swift; sourceTree = "<group>"; };
		E6C13E6F2A69D0B800143E63 /* Assets.xcassets */ = {isa = PBXFileReference; lastKnownFileType = folder.assetcatalog; path = Assets.xcassets; sourceTree = "<group>"; };
		E6C13E722A69D0B800143E63 /* Preview Assets.xcassets */ = {isa = PBXFileReference; lastKnownFileType = folder.assetcatalog; path = "Preview Assets.xcassets"; sourceTree = "<group>"; };
		E6C13E792A69D1D500143E63 /* Info.plist */ = {isa = PBXFileReference; lastKnownFileType = text.plist; path = Info.plist; sourceTree = "<group>"; };
		E6C13E7B2A69E3D700143E63 /* HomeView.swift */ = {isa = PBXFileReference; lastKnownFileType = sourcecode.swift; path = HomeView.swift; sourceTree = "<group>"; };
		E6C13E7F2A6B07FF00143E63 /* TileView.swift */ = {isa = PBXFileReference; lastKnownFileType = sourcecode.swift; path = TileView.swift; sourceTree = "<group>"; };
		E6C13E822A6B099900143E63 /* ProgramsView.swift */ = {isa = PBXFileReference; lastKnownFileType = sourcecode.swift; path = ProgramsView.swift; sourceTree = "<group>"; };
		E6C13E852A6B228A00143E63 /* ProgramView.swift */ = {isa = PBXFileReference; lastKnownFileType = sourcecode.swift; path = ProgramView.swift; sourceTree = "<group>"; };
		E6C13E872A6E180100143E63 /* golfswing.mov */ = {isa = PBXFileReference; lastKnownFileType = video.quicktime; path = golfswing.mov; sourceTree = "<group>"; };
		E6C13E8A2A6ECF7A00143E63 /* ExerciseView.swift */ = {isa = PBXFileReference; lastKnownFileType = sourcecode.swift; path = ExerciseView.swift; sourceTree = "<group>"; };
		E6C13E8E2A6EE77100143E63 /* AuthViewModel.swift */ = {isa = PBXFileReference; fileEncoding = 4; lastKnownFileType = sourcecode.swift; path = AuthViewModel.swift; sourceTree = "<group>"; };
		E6C13E902A6EE77100143E63 /* RegistrationView.swift */ = {isa = PBXFileReference; fileEncoding = 4; lastKnownFileType = sourcecode.swift; path = RegistrationView.swift; sourceTree = "<group>"; };
		E6C13E912A6EE77100143E63 /* LoginView.swift */ = {isa = PBXFileReference; fileEncoding = 4; lastKnownFileType = sourcecode.swift; path = LoginView.swift; sourceTree = "<group>"; };
		E6C13E9F2A6EE82B00143E63 /* SettingsRowView.swift */ = {isa = PBXFileReference; fileEncoding = 4; lastKnownFileType = sourcecode.swift; path = SettingsRowView.swift; sourceTree = "<group>"; };
		E6C13EA02A6EE82B00143E63 /* InputView.swift */ = {isa = PBXFileReference; fileEncoding = 4; lastKnownFileType = sourcecode.swift; path = InputView.swift; sourceTree = "<group>"; };
		E6C13EA42A6EE84F00143E63 /* User.swift */ = {isa = PBXFileReference; fileEncoding = 4; lastKnownFileType = sourcecode.swift; path = User.swift; sourceTree = "<group>"; };
		E6C13EA62A6EE96200143E63 /* GoogleService-Info.plist */ = {isa = PBXFileReference; fileEncoding = 4; lastKnownFileType = text.plist.xml; path = "GoogleService-Info.plist"; sourceTree = "<group>"; };
		E6F65FF92A6F1531008A8913 /* SideMenuView.swift */ = {isa = PBXFileReference; lastKnownFileType = sourcecode.swift; path = SideMenuView.swift; sourceTree = "<group>"; };
		E6F65FFC2A6F187E008A8913 /* SideMenu.swift */ = {isa = PBXFileReference; lastKnownFileType = sourcecode.swift; path = SideMenu.swift; sourceTree = "<group>"; };
		E6F65FFE2A6F1891008A8913 /* SideMenuType.swift */ = {isa = PBXFileReference; lastKnownFileType = sourcecode.swift; path = SideMenuType.swift; sourceTree = "<group>"; };
		E6F660012A6F32F1008A8913 /* DatabaseManager.swift */ = {isa = PBXFileReference; lastKnownFileType = sourcecode.swift; path = DatabaseManager.swift; sourceTree = "<group>"; };
		E6F660032A6F3D6A008A8913 /* ProfileView.swift */ = {isa = PBXFileReference; fileEncoding = 4; lastKnownFileType = sourcecode.swift; path = ProfileView.swift; sourceTree = "<group>"; };
		E6F660062A70197F008A8913 /* Program.swift */ = {isa = PBXFileReference; lastKnownFileType = sourcecode.swift; path = Program.swift; sourceTree = "<group>"; };
		E6F660082A7019E8008A8913 /* Exercise.swift */ = {isa = PBXFileReference; lastKnownFileType = sourcecode.swift; path = Exercise.swift; sourceTree = "<group>"; };
		E6F6600B2A701A31008A8913 /* Color+hex.swift */ = {isa = PBXFileReference; lastKnownFileType = sourcecode.swift; path = "Color+hex.swift"; sourceTree = "<group>"; };
		E6F6600D2A7051C4008A8913 /* FooterView.swift */ = {isa = PBXFileReference; lastKnownFileType = sourcecode.swift; path = FooterView.swift; sourceTree = "<group>"; };
		E6F6600F2A70523C008A8913 /* HomeSection.swift */ = {isa = PBXFileReference; lastKnownFileType = sourcecode.swift; path = HomeSection.swift; sourceTree = "<group>"; };
		E6F660132A705402008A8913 /* ApproachView.swift */ = {isa = PBXFileReference; lastKnownFileType = sourcecode.swift; path = ApproachView.swift; sourceTree = "<group>"; };
/* End PBXFileReference section */

/* Begin PBXFrameworksBuildPhase section */
		E6C13E652A69D0B600143E63 /* Frameworks */ = {
			isa = PBXFrameworksBuildPhase;
			buildActionMask = 2147483647;
			files = (
				E6C13E972A6EE7F400143E63 /* FirebaseAuth in Frameworks */,
				E6C13E9D2A6EE7F400143E63 /* FirebaseStorage in Frameworks */,
				E6C13E992A6EE7F400143E63 /* FirebaseFirestore in Frameworks */,
				E6C13E9B2A6EE7F400143E63 /* FirebaseFirestoreSwift in Frameworks */,
			);
			runOnlyForDeploymentPostprocessing = 0;
		};
/* End PBXFrameworksBuildPhase section */

/* Begin PBXGroup section */
		E6C13E5F2A69D0B600143E63 = {
			isa = PBXGroup;
			children = (
				E6C13EA62A6EE96200143E63 /* GoogleService-Info.plist */,
				E6C13E6A2A69D0B600143E63 /* tcrp */,
				E6C13E692A69D0B600143E63 /* Products */,
			);
			sourceTree = "<group>";
		};
		E6C13E692A69D0B600143E63 /* Products */ = {
			isa = PBXGroup;
			children = (
				E6C13E682A69D0B600143E63 /* tcrp.app */,
			);
			name = Products;
			sourceTree = "<group>";
		};
		E6C13E6A2A69D0B600143E63 /* tcrp */ = {
			isa = PBXGroup;
			children = (
				E6F660122A7053F6008A8913 /* Core */,
				E6C13E872A6E180100143E63 /* golfswing.mov */,
				E6C13E792A69D1D500143E63 /* Info.plist */,
				E6C13E6F2A69D0B800143E63 /* Assets.xcassets */,
				E6F660112A7052CB008A8913 /* App */,
				E6C13E8C2A6EE77100143E63 /* Authentication */,
				E6C13E7A2A69E3CD00143E63 /* Home */,
				E6F660052A70196E008A8913 /* Models */,
				E6C13E712A69D0B800143E63 /* Preview Content */,
				E6C13E812A6B098300143E63 /* Programs */,
				E6C13E7D2A6B07DE00143E63 /* Resources */,
			);
			path = tcrp;
			sourceTree = "<group>";
		};
		E6C13E712A69D0B800143E63 /* Preview Content */ = {
			isa = PBXGroup;
			children = (
				E6C13E722A69D0B800143E63 /* Preview Assets.xcassets */,
			);
			path = "Preview Content";
			sourceTree = "<group>";
		};
		E6C13E7A2A69E3CD00143E63 /* Home */ = {
			isa = PBXGroup;
			children = (
				E6F660032A6F3D6A008A8913 /* ProfileView.swift */,
				E6F65FFB2A6F186D008A8913 /* SideMenu */,
				E6C13E7B2A69E3D700143E63 /* HomeView.swift */,
				E6F6600F2A70523C008A8913 /* HomeSection.swift */,
			);
			path = Home;
			sourceTree = "<group>";
		};
		E6C13E7D2A6B07DE00143E63 /* Resources */ = {
			isa = PBXGroup;
			children = (
				E6F6600A2A701A1E008A8913 /* Extensions */,
				E6F660002A6F32DF008A8913 /* DatabaseManager */,
				E6C13E9E2A6EE82B00143E63 /* Components */,
				E6C13E7E2A6B07E800143E63 /* Views */,
			);
			path = Resources;
			sourceTree = "<group>";
		};
		E6C13E7E2A6B07E800143E63 /* Views */ = {
			isa = PBXGroup;
			children = (
				E6C13E7F2A6B07FF00143E63 /* TileView.swift */,
				E6F6600D2A7051C4008A8913 /* FooterView.swift */,
			);
			path = Views;
			sourceTree = "<group>";
		};
		E6C13E812A6B098300143E63 /* Programs */ = {
			isa = PBXGroup;
			children = (
				E6C13E842A6B227900143E63 /* Program */,
				E6C13E822A6B099900143E63 /* ProgramsView.swift */,
			);
			path = Programs;
			sourceTree = "<group>";
		};
		E6C13E842A6B227900143E63 /* Program */ = {
			isa = PBXGroup;
			children = (
				E6C13E892A6ECF6A00143E63 /* Exercise */,
				E6C13E852A6B228A00143E63 /* ProgramView.swift */,
			);
			path = Program;
			sourceTree = "<group>";
		};
		E6C13E892A6ECF6A00143E63 /* Exercise */ = {
			isa = PBXGroup;
			children = (
				E6C13E8A2A6ECF7A00143E63 /* ExerciseView.swift */,
			);
			path = Exercise;
			sourceTree = "<group>";
		};
		E6C13E8C2A6EE77100143E63 /* Authentication */ = {
			isa = PBXGroup;
			children = (
				E6C13E8D2A6EE77100143E63 /* Models */,
				E6C13E8F2A6EE77100143E63 /* Views */,
			);
			path = Authentication;
			sourceTree = "<group>";
		};
		E6C13E8D2A6EE77100143E63 /* Models */ = {
			isa = PBXGroup;
			children = (
				E6C13E8E2A6EE77100143E63 /* AuthViewModel.swift */,
			);
			path = Models;
			sourceTree = "<group>";
		};
		E6C13E8F2A6EE77100143E63 /* Views */ = {
			isa = PBXGroup;
			children = (
				E6C13E902A6EE77100143E63 /* RegistrationView.swift */,
				E6C13E912A6EE77100143E63 /* LoginView.swift */,
			);
			path = Views;
			sourceTree = "<group>";
		};
		E6C13E9E2A6EE82B00143E63 /* Components */ = {
			isa = PBXGroup;
			children = (
				E6C13E9F2A6EE82B00143E63 /* SettingsRowView.swift */,
				E6C13EA02A6EE82B00143E63 /* InputView.swift */,
			);
			path = Components;
			sourceTree = "<group>";
		};
		E6F65FFB2A6F186D008A8913 /* SideMenu */ = {
			isa = PBXGroup;
			children = (
				E6F65FF92A6F1531008A8913 /* SideMenuView.swift */,
				E6F65FFC2A6F187E008A8913 /* SideMenu.swift */,
				E6F65FFE2A6F1891008A8913 /* SideMenuType.swift */,
			);
			path = SideMenu;
			sourceTree = "<group>";
		};
		E6F660002A6F32DF008A8913 /* DatabaseManager */ = {
			isa = PBXGroup;
			children = (
				E6F660012A6F32F1008A8913 /* DatabaseManager.swift */,
			);
			path = DatabaseManager;
			sourceTree = "<group>";
		};
		E6F660052A70196E008A8913 /* Models */ = {
			isa = PBXGroup;
			children = (
				E6C13EA42A6EE84F00143E63 /* User.swift */,
				E6F660062A70197F008A8913 /* Program.swift */,
				E6F660082A7019E8008A8913 /* Exercise.swift */,
			);
			path = Models;
			sourceTree = "<group>";
		};
		E6F6600A2A701A1E008A8913 /* Extensions */ = {
			isa = PBXGroup;
			children = (
				E6F6600B2A701A31008A8913 /* Color+hex.swift */,
			);
			path = Extensions;
			sourceTree = "<group>";
		};
		E6F660112A7052CB008A8913 /* App */ = {
			isa = PBXGroup;
			children = (
				E6C13E6B2A69D0B600143E63 /* tcrpApp.swift */,
				E6C13E6D2A69D0B600143E63 /* ContentView.swift */,
			);
			path = App;
			sourceTree = "<group>";
		};
		E6F660122A7053F6008A8913 /* Core */ = {
			isa = PBXGroup;
			children = (
				E6F660132A705402008A8913 /* ApproachView.swift */,
			);
			path = Core;
			sourceTree = "<group>";
		};
/* End PBXGroup section */

/* Begin PBXNativeTarget section */
		E6C13E672A69D0B600143E63 /* tcrp */ = {
			isa = PBXNativeTarget;
			buildConfigurationList = E6C13E762A69D0B800143E63 /* Build configuration list for PBXNativeTarget "tcrp" */;
			buildPhases = (
				E6C13E642A69D0B600143E63 /* Sources */,
				E6C13E652A69D0B600143E63 /* Frameworks */,
				E6C13E662A69D0B600143E63 /* Resources */,
			);
			buildRules = (
			);
			dependencies = (
			);
			name = tcrp;
			packageProductDependencies = (
				E6C13E962A6EE7F400143E63 /* FirebaseAuth */,
				E6C13E982A6EE7F400143E63 /* FirebaseFirestore */,
				E6C13E9A2A6EE7F400143E63 /* FirebaseFirestoreSwift */,
				E6C13E9C2A6EE7F400143E63 /* FirebaseStorage */,
			);
			productName = tcrp;
			productReference = E6C13E682A69D0B600143E63 /* tcrp.app */;
			productType = "com.apple.product-type.application";
		};
/* End PBXNativeTarget section */

/* Begin PBXProject section */
		E6C13E602A69D0B600143E63 /* Project object */ = {
			isa = PBXProject;
			attributes = {
				BuildIndependentTargetsInParallel = 1;
				LastSwiftUpdateCheck = 1420;
				LastUpgradeCheck = 1420;
				TargetAttributes = {
					E6C13E672A69D0B600143E63 = {
						CreatedOnToolsVersion = 14.2;
					};
				};
			};
			buildConfigurationList = E6C13E632A69D0B600143E63 /* Build configuration list for PBXProject "tcrp" */;
			compatibilityVersion = "Xcode 14.0";
			developmentRegion = en;
			hasScannedForEncodings = 0;
			knownRegions = (
				en,
				Base,
			);
			mainGroup = E6C13E5F2A69D0B600143E63;
			packageReferences = (
				E6C13E952A6EE7F400143E63 /* XCRemoteSwiftPackageReference "firebase-ios-sdk" */,
			);
			productRefGroup = E6C13E692A69D0B600143E63 /* Products */;
			projectDirPath = "";
			projectRoot = "";
			targets = (
				E6C13E672A69D0B600143E63 /* tcrp */,
			);
		};
/* End PBXProject section */

/* Begin PBXResourcesBuildPhase section */
		E6C13E662A69D0B600143E63 /* Resources */ = {
			isa = PBXResourcesBuildPhase;
			buildActionMask = 2147483647;
			files = (
				E6C13E732A69D0B800143E63 /* Preview Assets.xcassets in Resources */,
				E6C13EA72A6EE96200143E63 /* GoogleService-Info.plist in Resources */,
				E6C13E882A6E180100143E63 /* golfswing.mov in Resources */,
				E6C13E702A69D0B800143E63 /* Assets.xcassets in Resources */,
			);
			runOnlyForDeploymentPostprocessing = 0;
		};
/* End PBXResourcesBuildPhase section */

/* Begin PBXSourcesBuildPhase section */
		E6C13E642A69D0B600143E63 /* Sources */ = {
			isa = PBXSourcesBuildPhase;
			buildActionMask = 2147483647;
			files = (
				E6C13EA52A6EE84F00143E63 /* User.swift in Sources */,
				E6C13E7C2A69E3D700143E63 /* HomeView.swift in Sources */,
				E6C13E6E2A69D0B600143E63 /* ContentView.swift in Sources */,
				E6C13E802A6B07FF00143E63 /* TileView.swift in Sources */,
				E6F660022A6F32F1008A8913 /* DatabaseManager.swift in Sources */,
				E6F660092A7019E8008A8913 /* Exercise.swift in Sources */,
				E6F6600C2A701A31008A8913 /* Color+hex.swift in Sources */,
				E6C13E932A6EE77100143E63 /* RegistrationView.swift in Sources */,
				E6C13E832A6B099900143E63 /* ProgramsView.swift in Sources */,
				E6C13E922A6EE77100143E63 /* AuthViewModel.swift in Sources */,
				E6C13E6C2A69D0B600143E63 /* tcrpApp.swift in Sources */,
				E6F65FFA2A6F1531008A8913 /* SideMenuView.swift in Sources */,
				E6F660042A6F3D6B008A8913 /* ProfileView.swift in Sources */,
				E6F65FFF2A6F1891008A8913 /* SideMenuType.swift in Sources */,
				E6C13EA12A6EE82B00143E63 /* SettingsRowView.swift in Sources */,
				E6C13E8B2A6ECF7A00143E63 /* ExerciseView.swift in Sources */,
				E6C13EA22A6EE82B00143E63 /* InputView.swift in Sources */,
				E6F6600E2A7051C4008A8913 /* FooterView.swift in Sources */,
				E6F660102A70523C008A8913 /* HomeSection.swift in Sources */,
				E6F65FFD2A6F187E008A8913 /* SideMenu.swift in Sources */,
				E6F660072A70197F008A8913 /* Program.swift in Sources */,
				E6C13E942A6EE77100143E63 /* LoginView.swift in Sources */,
				E6F660142A705402008A8913 /* ApproachView.swift in Sources */,
				E6C13E862A6B228A00143E63 /* ProgramView.swift in Sources */,
			);
			runOnlyForDeploymentPostprocessing = 0;
		};
/* End PBXSourcesBuildPhase section */

/* Begin XCBuildConfiguration section */
		E6C13E742A69D0B800143E63 /* Debug */ = {
			isa = XCBuildConfiguration;
			buildSettings = {
				ALWAYS_SEARCH_USER_PATHS = NO;
				CLANG_ANALYZER_NONNULL = YES;
				CLANG_ANALYZER_NUMBER_OBJECT_CONVERSION = YES_AGGRESSIVE;
				CLANG_CXX_LANGUAGE_STANDARD = "gnu++20";
				CLANG_ENABLE_MODULES = YES;
				CLANG_ENABLE_OBJC_ARC = YES;
				CLANG_ENABLE_OBJC_WEAK = YES;
				CLANG_WARN_BLOCK_CAPTURE_AUTORELEASING = YES;
				CLANG_WARN_BOOL_CONVERSION = YES;
				CLANG_WARN_COMMA = YES;
				CLANG_WARN_CONSTANT_CONVERSION = YES;
				CLANG_WARN_DEPRECATED_OBJC_IMPLEMENTATIONS = YES;
				CLANG_WARN_DIRECT_OBJC_ISA_USAGE = YES_ERROR;
				CLANG_WARN_DOCUMENTATION_COMMENTS = YES;
				CLANG_WARN_EMPTY_BODY = YES;
				CLANG_WARN_ENUM_CONVERSION = YES;
				CLANG_WARN_INFINITE_RECURSION = YES;
				CLANG_WARN_INT_CONVERSION = YES;
				CLANG_WARN_NON_LITERAL_NULL_CONVERSION = YES;
				CLANG_WARN_OBJC_IMPLICIT_RETAIN_SELF = YES;
				CLANG_WARN_OBJC_LITERAL_CONVERSION = YES;
				CLANG_WARN_OBJC_ROOT_CLASS = YES_ERROR;
				CLANG_WARN_QUOTED_INCLUDE_IN_FRAMEWORK_HEADER = YES;
				CLANG_WARN_RANGE_LOOP_ANALYSIS = YES;
				CLANG_WARN_STRICT_PROTOTYPES = YES;
				CLANG_WARN_SUSPICIOUS_MOVE = YES;
				CLANG_WARN_UNGUARDED_AVAILABILITY = YES_AGGRESSIVE;
				CLANG_WARN_UNREACHABLE_CODE = YES;
				CLANG_WARN__DUPLICATE_METHOD_MATCH = YES;
				COPY_PHASE_STRIP = NO;
				DEBUG_INFORMATION_FORMAT = dwarf;
				ENABLE_STRICT_OBJC_MSGSEND = YES;
				ENABLE_TESTABILITY = YES;
				GCC_C_LANGUAGE_STANDARD = gnu11;
				GCC_DYNAMIC_NO_PIC = NO;
				GCC_NO_COMMON_BLOCKS = YES;
				GCC_OPTIMIZATION_LEVEL = 0;
				GCC_PREPROCESSOR_DEFINITIONS = (
					"DEBUG=1",
					"$(inherited)",
				);
				GCC_WARN_64_TO_32_BIT_CONVERSION = YES;
				GCC_WARN_ABOUT_RETURN_TYPE = YES_ERROR;
				GCC_WARN_UNDECLARED_SELECTOR = YES;
				GCC_WARN_UNINITIALIZED_AUTOS = YES_AGGRESSIVE;
				GCC_WARN_UNUSED_FUNCTION = YES;
				GCC_WARN_UNUSED_VARIABLE = YES;
				IPHONEOS_DEPLOYMENT_TARGET = 16.2;
				MTL_ENABLE_DEBUG_INFO = INCLUDE_SOURCE;
				MTL_FAST_MATH = YES;
				ONLY_ACTIVE_ARCH = YES;
				SDKROOT = iphoneos;
				SWIFT_ACTIVE_COMPILATION_CONDITIONS = DEBUG;
				SWIFT_OPTIMIZATION_LEVEL = "-Onone";
			};
			name = Debug;
		};
		E6C13E752A69D0B800143E63 /* Release */ = {
			isa = XCBuildConfiguration;
			buildSettings = {
				ALWAYS_SEARCH_USER_PATHS = NO;
				CLANG_ANALYZER_NONNULL = YES;
				CLANG_ANALYZER_NUMBER_OBJECT_CONVERSION = YES_AGGRESSIVE;
				CLANG_CXX_LANGUAGE_STANDARD = "gnu++20";
				CLANG_ENABLE_MODULES = YES;
				CLANG_ENABLE_OBJC_ARC = YES;
				CLANG_ENABLE_OBJC_WEAK = YES;
				CLANG_WARN_BLOCK_CAPTURE_AUTORELEASING = YES;
				CLANG_WARN_BOOL_CONVERSION = YES;
				CLANG_WARN_COMMA = YES;
				CLANG_WARN_CONSTANT_CONVERSION = YES;
				CLANG_WARN_DEPRECATED_OBJC_IMPLEMENTATIONS = YES;
				CLANG_WARN_DIRECT_OBJC_ISA_USAGE = YES_ERROR;
				CLANG_WARN_DOCUMENTATION_COMMENTS = YES;
				CLANG_WARN_EMPTY_BODY = YES;
				CLANG_WARN_ENUM_CONVERSION = YES;
				CLANG_WARN_INFINITE_RECURSION = YES;
				CLANG_WARN_INT_CONVERSION = YES;
				CLANG_WARN_NON_LITERAL_NULL_CONVERSION = YES;
				CLANG_WARN_OBJC_IMPLICIT_RETAIN_SELF = YES;
				CLANG_WARN_OBJC_LITERAL_CONVERSION = YES;
				CLANG_WARN_OBJC_ROOT_CLASS = YES_ERROR;
				CLANG_WARN_QUOTED_INCLUDE_IN_FRAMEWORK_HEADER = YES;
				CLANG_WARN_RANGE_LOOP_ANALYSIS = YES;
				CLANG_WARN_STRICT_PROTOTYPES = YES;
				CLANG_WARN_SUSPICIOUS_MOVE = YES;
				CLANG_WARN_UNGUARDED_AVAILABILITY = YES_AGGRESSIVE;
				CLANG_WARN_UNREACHABLE_CODE = YES;
				CLANG_WARN__DUPLICATE_METHOD_MATCH = YES;
				COPY_PHASE_STRIP = NO;
				DEBUG_INFORMATION_FORMAT = "dwarf-with-dsym";
				ENABLE_NS_ASSERTIONS = NO;
				ENABLE_STRICT_OBJC_MSGSEND = YES;
				GCC_C_LANGUAGE_STANDARD = gnu11;
				GCC_NO_COMMON_BLOCKS = YES;
				GCC_WARN_64_TO_32_BIT_CONVERSION = YES;
				GCC_WARN_ABOUT_RETURN_TYPE = YES_ERROR;
				GCC_WARN_UNDECLARED_SELECTOR = YES;
				GCC_WARN_UNINITIALIZED_AUTOS = YES_AGGRESSIVE;
				GCC_WARN_UNUSED_FUNCTION = YES;
				GCC_WARN_UNUSED_VARIABLE = YES;
				IPHONEOS_DEPLOYMENT_TARGET = 16.2;
				MTL_ENABLE_DEBUG_INFO = NO;
				MTL_FAST_MATH = YES;
				SDKROOT = iphoneos;
				SWIFT_COMPILATION_MODE = wholemodule;
				SWIFT_OPTIMIZATION_LEVEL = "-O";
				VALIDATE_PRODUCT = YES;
			};
			name = Release;
		};
		E6C13E772A69D0B800143E63 /* Debug */ = {
			isa = XCBuildConfiguration;
			buildSettings = {
				ASSETCATALOG_COMPILER_APPICON_NAME = AppIcon;
				ASSETCATALOG_COMPILER_GLOBAL_ACCENT_COLOR_NAME = AccentColor;
				CODE_SIGN_STYLE = Automatic;
				CURRENT_PROJECT_VERSION = 1;
				DEVELOPMENT_ASSET_PATHS = "\"tcrp/Preview Content\"";
				DEVELOPMENT_TEAM = VY9FRH555S;
				ENABLE_PREVIEWS = YES;
				GENERATE_INFOPLIST_FILE = YES;
				INFOPLIST_FILE = tcrp/Info.plist;
				INFOPLIST_KEY_UIApplicationSceneManifest_Generation = YES;
				INFOPLIST_KEY_UIApplicationSupportsIndirectInputEvents = YES;
				INFOPLIST_KEY_UISupportedInterfaceOrientations_iPad = "UIInterfaceOrientationPortrait UIInterfaceOrientationPortraitUpsideDown UIInterfaceOrientationLandscapeLeft UIInterfaceOrientationLandscapeRight";
				INFOPLIST_KEY_UISupportedInterfaceOrientations_iPhone = "UIInterfaceOrientationPortrait UIInterfaceOrientationLandscapeLeft UIInterfaceOrientationLandscapeRight";
				LD_RUNPATH_SEARCH_PATHS = (
					"$(inherited)",
					"@executable_path/Frameworks",
				);
				MARKETING_VERSION = 1.0;
				PRODUCT_BUNDLE_IDENTIFIER = ryan.tcrp;
				PRODUCT_NAME = "$(TARGET_NAME)";
				SWIFT_EMIT_LOC_STRINGS = YES;
				SWIFT_VERSION = 5.0;
				TARGETED_DEVICE_FAMILY = "1,2";
			};
			name = Debug;
		};
		E6C13E782A69D0B800143E63 /* Release */ = {
			isa = XCBuildConfiguration;
			buildSettings = {
				ASSETCATALOG_COMPILER_APPICON_NAME = AppIcon;
				ASSETCATALOG_COMPILER_GLOBAL_ACCENT_COLOR_NAME = AccentColor;
				CODE_SIGN_STYLE = Automatic;
				CURRENT_PROJECT_VERSION = 1;
				DEVELOPMENT_ASSET_PATHS = "\"tcrp/Preview Content\"";
				DEVELOPMENT_TEAM = VY9FRH555S;
				ENABLE_PREVIEWS = YES;
				GENERATE_INFOPLIST_FILE = YES;
				INFOPLIST_FILE = tcrp/Info.plist;
				INFOPLIST_KEY_UIApplicationSceneManifest_Generation = YES;
				INFOPLIST_KEY_UIApplicationSupportsIndirectInputEvents = YES;
				INFOPLIST_KEY_UISupportedInterfaceOrientations_iPad = "UIInterfaceOrientationPortrait UIInterfaceOrientationPortraitUpsideDown UIInterfaceOrientationLandscapeLeft UIInterfaceOrientationLandscapeRight";
				INFOPLIST_KEY_UISupportedInterfaceOrientations_iPhone = "UIInterfaceOrientationPortrait UIInterfaceOrientationLandscapeLeft UIInterfaceOrientationLandscapeRight";
				LD_RUNPATH_SEARCH_PATHS = (
					"$(inherited)",
					"@executable_path/Frameworks",
				);
				MARKETING_VERSION = 1.0;
				PRODUCT_BUNDLE_IDENTIFIER = ryan.tcrp;
				PRODUCT_NAME = "$(TARGET_NAME)";
				SWIFT_EMIT_LOC_STRINGS = YES;
				SWIFT_VERSION = 5.0;
				TARGETED_DEVICE_FAMILY = "1,2";
			};
			name = Release;
		};
/* End XCBuildConfiguration section */

/* Begin XCConfigurationList section */
		E6C13E632A69D0B600143E63 /* Build configuration list for PBXProject "tcrp" */ = {
			isa = XCConfigurationList;
			buildConfigurations = (
				E6C13E742A69D0B800143E63 /* Debug */,
				E6C13E752A69D0B800143E63 /* Release */,
			);
			defaultConfigurationIsVisible = 0;
			defaultConfigurationName = Release;
		};
		E6C13E762A69D0B800143E63 /* Build configuration list for PBXNativeTarget "tcrp" */ = {
			isa = XCConfigurationList;
			buildConfigurations = (
				E6C13E772A69D0B800143E63 /* Debug */,
				E6C13E782A69D0B800143E63 /* Release */,
			);
			defaultConfigurationIsVisible = 0;
			defaultConfigurationName = Release;
		};
/* End XCConfigurationList section */

/* Begin XCRemoteSwiftPackageReference section */
		E6C13E952A6EE7F400143E63 /* XCRemoteSwiftPackageReference "firebase-ios-sdk" */ = {
			isa = XCRemoteSwiftPackageReference;
			repositoryURL = "https://github.com/firebase/firebase-ios-sdk";
			requirement = {
				branch = master;
				kind = branch;
			};
		};
/* End XCRemoteSwiftPackageReference section */

/* Begin XCSwiftPackageProductDependency section */
		E6C13E962A6EE7F400143E63 /* FirebaseAuth */ = {
			isa = XCSwiftPackageProductDependency;
			package = E6C13E952A6EE7F400143E63 /* XCRemoteSwiftPackageReference "firebase-ios-sdk" */;
			productName = FirebaseAuth;
		};
		E6C13E982A6EE7F400143E63 /* FirebaseFirestore */ = {
			isa = XCSwiftPackageProductDependency;
			package = E6C13E952A6EE7F400143E63 /* XCRemoteSwiftPackageReference "firebase-ios-sdk" */;
			productName = FirebaseFirestore;
		};
		E6C13E9A2A6EE7F400143E63 /* FirebaseFirestoreSwift */ = {
			isa = XCSwiftPackageProductDependency;
			package = E6C13E952A6EE7F400143E63 /* XCRemoteSwiftPackageReference "firebase-ios-sdk" */;
			productName = FirebaseFirestoreSwift;
		};
		E6C13E9C2A6EE7F400143E63 /* FirebaseStorage */ = {
			isa = XCSwiftPackageProductDependency;
			package = E6C13E952A6EE7F400143E63 /* XCRemoteSwiftPackageReference "firebase-ios-sdk" */;
			productName = FirebaseStorage;
		};
/* End XCSwiftPackageProductDependency section */
	};
	rootObject = E6C13E602A69D0B600143E63 /* Project object */;
}
